
Microsoft Visual Studio Solution File, Format Version 12.00
# Visual Studio 14
VisualStudioVersion = 14.0.25420.1
MinimumVisualStudioVersion = 10.0.40219.1
Project("{FAE04EC0-301F-11D3-BF4B-00C04F79EFBC}") = "Vigeo.iOS", "Vigeo\Vigeo.iOS\Vigeo.iOS.csproj", "{A92A09B3-D3CF-4679-AD1D-4112C539AE7D}"
EndProject
Project("{FAE04EC0-301F-11D3-BF4B-00C04F79EFBC}") = "VigBE", "VigBE\VigBE.csproj", "{3D6FE9F9-93E7-44C3-9593-F8A14FC93CFF}"
EndProject
Project("{FAE04EC0-301F-11D3-BF4B-00C04F79EFBC}") = "Vigeo", "Vigeo\Vigeo\Vigeo.csproj", "{85728A4D-F308-498B-B10E-6A15DCF07802}"
EndProject
Global
	GlobalSection(SolutionConfigurationPlatforms) = preSolution
		Ad-Hoc|Any CPU = Ad-Hoc|Any CPU
		Ad-Hoc|ARM = Ad-Hoc|ARM
		Ad-Hoc|iPhone = Ad-Hoc|iPhone
		Ad-Hoc|iPhoneSimulator = Ad-Hoc|iPhoneSimulator
		Ad-Hoc|x86 = Ad-Hoc|x86
		AppStore|Any CPU = AppStore|Any CPU
		AppStore|ARM = AppStore|ARM
		AppStore|iPhone = AppStore|iPhone
		AppStore|iPhoneSimulator = AppStore|iPhoneSimulator
		AppStore|x86 = AppStore|x86
		Debug|Any CPU = Debug|Any CPU
		Debug|ARM = Debug|ARM
		Debug|iPhone = Debug|iPhone
		Debug|iPhoneSimulator = Debug|iPhoneSimulator
		Debug|x86 = Debug|x86
		Release|Any CPU = Release|Any CPU
		Release|ARM = Release|ARM
		Release|iPhone = Release|iPhone
		Release|iPhoneSimulator = Release|iPhoneSimulator
		Release|x86 = Release|x86
	EndGlobalSection
	GlobalSection(ProjectConfigurationPlatforms) = postSolution
		{A92A09B3-D3CF-4679-AD1D-4112C539AE7D}.Ad-Hoc|Any CPU.ActiveCfg = Ad-Hoc|iPhone
		{A92A09B3-D3CF-4679-AD1D-4112C539AE7D}.Ad-Hoc|ARM.ActiveCfg = Ad-Hoc|iPhone
		{A92A09B3-D3CF-4679-AD1D-4112C539AE7D}.Ad-Hoc|iPhone.ActiveCfg = Ad-Hoc|iPhone
		{A92A09B3-D3CF-4679-AD1D-4112C539AE7D}.Ad-Hoc|iPhone.Build.0 = Ad-Hoc|iPhone
		{A92A09B3-D3CF-4679-AD1D-4112C539AE7D}.Ad-Hoc|iPhoneSimulator.ActiveCfg = Ad-Hoc|iPhoneSimulator
		{A92A09B3-D3CF-4679-AD1D-4112C539AE7D}.Ad-Hoc|iPhoneSimulator.Build.0 = Ad-Hoc|iPhoneSimulator
		{A92A09B3-D3CF-4679-AD1D-4112C539AE7D}.Ad-Hoc|x86.ActiveCfg = Ad-Hoc|iPhone
		{A92A09B3-D3CF-4679-AD1D-4112C539AE7D}.AppStore|Any CPU.ActiveCfg = AppStore|iPhone
		{A92A09B3-D3CF-4679-AD1D-4112C539AE7D}.AppStore|ARM.ActiveCfg = AppStore|iPhone
		{A92A09B3-D3CF-4679-AD1D-4112C539AE7D}.AppStore|iPhone.ActiveCfg = AppStore|iPhone
		{A92A09B3-D3CF-4679-AD1D-4112C539AE7D}.AppStore|iPhone.Build.0 = AppStore|iPhone
		{A92A09B3-D3CF-4679-AD1D-4112C539AE7D}.AppStore|iPhoneSimulator.ActiveCfg = AppStore|iPhoneSimulator
		{A92A09B3-D3CF-4679-AD1D-4112C539AE7D}.AppStore|iPhoneSimulator.Build.0 = AppStore|iPhoneSimulator
		{A92A09B3-D3CF-4679-AD1D-4112C539AE7D}.AppStore|x86.ActiveCfg = AppStore|iPhone
		{A92A09B3-D3CF-4679-AD1D-4112C539AE7D}.Debug|Any CPU.ActiveCfg = Debug|iPhone
		{A92A09B3-D3CF-4679-AD1D-4112C539AE7D}.Debug|ARM.ActiveCfg = Debug|iPhone
		{A92A09B3-D3CF-4679-AD1D-4112C539AE7D}.Debug|iPhone.ActiveCfg = Debug|iPhone
		{A92A09B3-D3CF-4679-AD1D-4112C539AE7D}.Debug|iPhone.Build.0 = Debug|iPhone
		{A92A09B3-D3CF-4679-AD1D-4112C539AE7D}.Debug|iPhoneSimulator.ActiveCfg = Debug|iPhoneSimulator
		{A92A09B3-D3CF-4679-AD1D-4112C539AE7D}.Debug|iPhoneSimulator.Build.0 = Debug|iPhoneSimulator
		{A92A09B3-D3CF-4679-AD1D-4112C539AE7D}.Debug|x86.ActiveCfg = Debug|iPhone
		{A92A09B3-D3CF-4679-AD1D-4112C539AE7D}.Release|Any CPU.ActiveCfg = Release|iPhone
		{A92A09B3-D3CF-4679-AD1D-4112C539AE7D}.Release|ARM.ActiveCfg = Release|iPhone
		{A92A09B3-D3CF-4679-AD1D-4112C539AE7D}.Release|iPhone.ActiveCfg = Release|iPhone
		{A92A09B3-D3CF-4679-AD1D-4112C539AE7D}.Release|iPhone.Build.0 = Release|iPhone
		{A92A09B3-D3CF-4679-AD1D-4112C539AE7D}.Release|iPhoneSimulator.ActiveCfg = Release|iPhoneSimulator
		{A92A09B3-D3CF-4679-AD1D-4112C539AE7D}.Release|iPhoneSimulator.Build.0 = Release|iPhoneSimulator
		{A92A09B3-D3CF-4679-AD1D-4112C539AE7D}.Release|x86.ActiveCfg = Release|iPhone
		{3D6FE9F9-93E7-44C3-9593-F8A14FC93CFF}.Ad-Hoc|Any CPU.ActiveCfg = Release|Any CPU
		{3D6FE9F9-93E7-44C3-9593-F8A14FC93CFF}.Ad-Hoc|Any CPU.Build.0 = Release|Any CPU
		{3D6FE9F9-93E7-44C3-9593-F8A14FC93CFF}.Ad-Hoc|ARM.ActiveCfg = Release|Any CPU
		{3D6FE9F9-93E7-44C3-9593-F8A14FC93CFF}.Ad-Hoc|ARM.Build.0 = Release|Any CPU
		{3D6FE9F9-93E7-44C3-9593-F8A14FC93CFF}.Ad-Hoc|iPhone.ActiveCfg = Release|Any CPU
		{3D6FE9F9-93E7-44C3-9593-F8A14FC93CFF}.Ad-Hoc|iPhone.Build.0 = Release|Any CPU
		{3D6FE9F9-93E7-44C3-9593-F8A14FC93CFF}.Ad-Hoc|iPhoneSimulator.ActiveCfg = Release|Any CPU
		{3D6FE9F9-93E7-44C3-9593-F8A14FC93CFF}.Ad-Hoc|iPhoneSimulator.Build.0 = Release|Any CPU
		{3D6FE9F9-93E7-44C3-9593-F8A14FC93CFF}.Ad-Hoc|x86.ActiveCfg = Release|Any CPU
		{3D6FE9F9-93E7-44C3-9593-F8A14FC93CFF}.Ad-Hoc|x86.Build.0 = Release|Any CPU
		{3D6FE9F9-93E7-44C3-9593-F8A14FC93CFF}.AppStore|Any CPU.ActiveCfg = Release|Any CPU
		{3D6FE9F9-93E7-44C3-9593-F8A14FC93CFF}.AppStore|Any CPU.Build.0 = Release|Any CPU
		{3D6FE9F9-93E7-44C3-9593-F8A14FC93CFF}.AppStore|ARM.ActiveCfg = Release|Any CPU
		{3D6FE9F9-93E7-44C3-9593-F8A14FC93CFF}.AppStore|ARM.Build.0 = Release|Any CPU
		{3D6FE9F9-93E7-44C3-9593-F8A14FC93CFF}.AppStore|iPhone.ActiveCfg = Release|Any CPU
		{3D6FE9F9-93E7-44C3-9593-F8A14FC93CFF}.AppStore|iPhone.Build.0 = Release|Any CPU
		{3D6FE9F9-93E7-44C3-9593-F8A14FC93CFF}.AppStore|iPhoneSimulator.ActiveCfg = Release|Any CPU
		{3D6FE9F9-93E7-44C3-9593-F8A14FC93CFF}.AppStore|iPhoneSimulator.Build.0 = Release|Any CPU
		{3D6FE9F9-93E7-44C3-9593-F8A14FC93CFF}.AppStore|x86.ActiveCfg = Release|Any CPU
		{3D6FE9F9-93E7-44C3-9593-F8A14FC93CFF}.AppStore|x86.Build.0 = Release|Any CPU
		{3D6FE9F9-93E7-44C3-9593-F8A14FC93CFF}.Debug|Any CPU.ActiveCfg = Debug|Any CPU
		{3D6FE9F9-93E7-44C3-9593-F8A14FC93CFF}.Debug|Any CPU.Build.0 = Debug|Any CPU
		{3D6FE9F9-93E7-44C3-9593-F8A14FC93CFF}.Debug|ARM.ActiveCfg = Debug|Any CPU
		{3D6FE9F9-93E7-44C3-9593-F8A14FC93CFF}.Debug|ARM.Build.0 = Debug|Any CPU
		{3D6FE9F9-93E7-44C3-9593-F8A14FC93CFF}.Debug|iPhone.ActiveCfg = Debug|Any CPU
		{3D6FE9F9-93E7-44C3-9593-F8A14FC93CFF}.Debug|iPhone.Build.0 = Debug|Any CPU
		{3D6FE9F9-93E7-44C3-9593-F8A14FC93CFF}.Debug|iPhoneSimulator.ActiveCfg = Debug|Any CPU
		{3D6FE9F9-93E7-44C3-9593-F8A14FC93CFF}.Debug|iPhoneSimulator.Build.0 = Debug|Any CPU
		{3D6FE9F9-93E7-44C3-9593-F8A14FC93CFF}.Debug|x86.ActiveCfg = Debug|Any CPU
		{3D6FE9F9-93E7-44C3-9593-F8A14FC93CFF}.Debug|x86.Build.0 = Debug|Any CPU
		{3D6FE9F9-93E7-44C3-9593-F8A14FC93CFF}.Release|Any CPU.ActiveCfg = Release|Any CPU
		{3D6FE9F9-93E7-44C3-9593-F8A14FC93CFF}.Release|Any CPU.Build.0 = Release|Any CPU
		{3D6FE9F9-93E7-44C3-9593-F8A14FC93CFF}.Release|ARM.ActiveCfg = Release|Any CPU
		{3D6FE9F9-93E7-44C3-9593-F8A14FC93CFF}.Release|ARM.Build.0 = Release|Any CPU
		{3D6FE9F9-93E7-44C3-9593-F8A14FC93CFF}.Release|iPhone.ActiveCfg = Release|Any CPU
		{3D6FE9F9-93E7-44C3-9593-F8A14FC93CFF}.Release|iPhone.Build.0 = Release|Any CPU
		{3D6FE9F9-93E7-44C3-9593-F8A14FC93CFF}.Release|iPhoneSimulator.ActiveCfg = Release|Any CPU
		{3D6FE9F9-93E7-44C3-9593-F8A14FC93CFF}.Release|iPhoneSimulator.Build.0 = Release|Any CPU
		{3D6FE9F9-93E7-44C3-9593-F8A14FC93CFF}.Release|x86.ActiveCfg = Release|Any CPU
		{3D6FE9F9-93E7-44C3-9593-F8A14FC93CFF}.Release|x86.Build.0 = Release|Any CPU
		{85728A4D-F308-498B-B10E-6A15DCF07802}.Ad-Hoc|Any CPU.ActiveCfg = Release|Any CPU
		{85728A4D-F308-498B-B10E-6A15DCF07802}.Ad-Hoc|Any CPU.Build.0 = Release|Any CPU
		{85728A4D-F308-498B-B10E-6A15DCF07802}.Ad-Hoc|ARM.ActiveCfg = Release|Any CPU
		{85728A4D-F308-498B-B10E-6A15DCF07802}.Ad-Hoc|ARM.Build.0 = Release|Any CPU
		{85728A4D-F308-498B-B10E-6A15DCF07802}.Ad-Hoc|iPhone.ActiveCfg = Release|Any CPU
		{85728A4D-F308-498B-B10E-6A15DCF07802}.Ad-Hoc|iPhone.Build.0 = Release|Any CPU
		{85728A4D-F308-498B-B10E-6A15DCF07802}.Ad-Hoc|iPhoneSimulator.ActiveCfg = Release|Any CPU
		{85728A4D-F308-498B-B10E-6A15DCF07802}.Ad-Hoc|iPhoneSimulator.Build.0 = Release|Any CPU
		{85728A4D-F308-498B-B10E-6A15DCF07802}.Ad-Hoc|x86.ActiveCfg = Release|Any CPU
		{85728A4D-F308-498B-B10E-6A15DCF07802}.Ad-Hoc|x86.Build.0 = Release|Any CPU
		{85728A4D-F308-498B-B10E-6A15DCF07802}.AppStore|Any CPU.ActiveCfg = Release|Any CPU
		{85728A4D-F308-498B-B10E-6A15DCF07802}.AppStore|Any CPU.Build.0 = Release|Any CPU
		{85728A4D-F308-498B-B10E-6A15DCF07802}.AppStore|ARM.ActiveCfg = Release|Any CPU
		{85728A4D-F308-498B-B10E-6A15DCF07802}.AppStore|ARM.Build.0 = Release|Any CPU
		{85728A4D-F308-498B-B10E-6A15DCF07802}.AppStore|iPhone.ActiveCfg = Release|Any CPU
		{85728A4D-F308-498B-B10E-6A15DCF07802}.AppStore|iPhone.Build.0 = Release|Any CPU
		{85728A4D-F308-498B-B10E-6A15DCF07802}.AppStore|iPhoneSimulator.ActiveCfg = Release|Any CPU
		{85728A4D-F308-498B-B10E-6A15DCF07802}.AppStore|iPhoneSimulator.Build.0 = Release|Any CPU
		{85728A4D-F308-498B-B10E-6A15DCF07802}.AppStore|x86.ActiveCfg = Release|Any CPU
		{85728A4D-F308-498B-B10E-6A15DCF07802}.AppStore|x86.Build.0 = Release|Any CPU
		{85728A4D-F308-498B-B10E-6A15DCF07802}.Debug|Any CPU.ActiveCfg = Debug|Any CPU
		{85728A4D-F308-498B-B10E-6A15DCF07802}.Debug|Any CPU.Build.0 = Debug|Any CPU
		{85728A4D-F308-498B-B10E-6A15DCF07802}.Debug|ARM.ActiveCfg = Debug|Any CPU
		{85728A4D-F308-498B-B10E-6A15DCF07802}.Debug|ARM.Build.0 = Debug|Any CPU
		{85728A4D-F308-498B-B10E-6A15DCF07802}.Debug|iPhone.ActiveCfg = Debug|Any CPU
		{85728A4D-F308-498B-B10E-6A15DCF07802}.Debug|iPhone.Build.0 = Debug|Any CPU
		{85728A4D-F308-498B-B10E-6A15DCF07802}.Debug|iPhoneSimulator.ActiveCfg = Debug|Any CPU
		{85728A4D-F308-498B-B10E-6A15DCF07802}.Debug|iPhoneSimulator.Build.0 = Debug|Any CPU
		{85728A4D-F308-498B-B10E-6A15DCF07802}.Debug|x86.ActiveCfg = Debug|Any CPU
		{85728A4D-F308-498B-B10E-6A15DCF07802}.Debug|x86.Build.0 = Debug|Any CPU
		{85728A4D-F308-498B-B10E-6A15DCF07802}.Release|Any CPU.ActiveCfg = Release|Any CPU
		{85728A4D-F308-498B-B10E-6A15DCF07802}.Release|Any CPU.Build.0 = Release|Any CPU
		{85728A4D-F308-498B-B10E-6A15DCF07802}.Release|ARM.ActiveCfg = Release|Any CPU
		{85728A4D-F308-498B-B10E-6A15DCF07802}.Release|ARM.Build.0 = Release|Any CPU
		{85728A4D-F308-498B-B10E-6A15DCF07802}.Release|iPhone.ActiveCfg = Release|Any CPU
		{85728A4D-F308-498B-B10E-6A15DCF07802}.Release|iPhone.Build.0 = Release|Any CPU
		{85728A4D-F308-498B-B10E-6A15DCF07802}.Release|iPhoneSimulator.ActiveCfg = Release|Any CPU
		{85728A4D-F308-498B-B10E-6A15DCF07802}.Release|iPhoneSimulator.Build.0 = Release|Any CPU
		{85728A4D-F308-498B-B10E-6A15DCF07802}.Release|x86.ActiveCfg = Release|Any CPU
		{85728A4D-F308-498B-B10E-6A15DCF07802}.Release|x86.Build.0 = Release|Any CPU
	EndGlobalSection
	GlobalSection(SolutionProperties) = preSolution
		HideSolutionNode = FALSE
	EndGlobalSection
EndGlobal
